
Microsoft Visual Studio Solution File, Format Version 12.00
# Visual Studio Version 17
VisualStudioVersion = 17.4.33110.190
MinimumVisualStudioVersion = 10.0.40219.1
Project("{8BC9CEB8-8B4A-11D0-8D11-00A0C91BC942}") = "music-guard", "music-guard\music-guard.vcxproj", "{A1B2087B-EA43-4092-9A52-1E31B41B3B3C}"
EndProject
Project("{8BC9CEB8-8B4A-11D0-8D11-00A0C91BC942}") = "cli", "cli\cli.vcxproj", "{079F2B4F-39D6-44D7-82F7-7E37F7C4C64A}"
EndProject
Project("{8BC9CEB8-8B4A-11D0-8D11-00A0C91BC942}") = "util", "util\util.vcxproj", "{5F3E83BD-04C0-4E33-A067-0436E485EC5D}"
EndProject
Project("{8BC9CEB8-8B4A-11D0-8D11-00A0C91BC942}") = "fclib", "fclib\fclib.vcxproj", "{EA5B7D32-8B8C-4CEA-B2D0-F6DA98F6DC5B}"
EndProject
Project("{8BC9CEB8-8B4A-11D0-8D11-00A0C91BC942}") = "metadata", "metadata\metatp.vcxproj", "{C2205319-E84B-4C68-950F-FB4C97C88E5E}"
EndProject
Project("{8BC9CEB8-8B4A-11D0-8D11-00A0C91BC942}") = "csv", "csv\csv.vcxproj", "{5556F983-75AB-40C7-9960-60831C3341ED}"
EndProject
Project("{8BC9CEB8-8B4A-11D0-8D11-00A0C91BC942}") = "mglib", "mglib\mglib.vcxproj", "{439087AF-7106-492A-9A92-6692E1F0B07D}"
	ProjectSection(ProjectDependencies) = postProject
		{079F2B4F-39D6-44D7-82F7-7E37F7C4C64A} = {079F2B4F-39D6-44D7-82F7-7E37F7C4C64A}
		{5556F983-75AB-40C7-9960-60831C3341ED} = {5556F983-75AB-40C7-9960-60831C3341ED}
		{5F3E83BD-04C0-4E33-A067-0436E485EC5D} = {5F3E83BD-04C0-4E33-A067-0436E485EC5D}
		{C2205319-E84B-4C68-950F-FB4C97C88E5E} = {C2205319-E84B-4C68-950F-FB4C97C88E5E}
		{C47CA54E-19F6-476F-8AD0-3A46B987616A} = {C47CA54E-19F6-476F-8AD0-3A46B987616A}
		{CEC11A92-CEAE-43A7-B31A-F1490B5A0CA2} = {CEC11A92-CEAE-43A7-B31A-F1490B5A0CA2}
		{EA5B7D32-8B8C-4CEA-B2D0-F6DA98F6DC5B} = {EA5B7D32-8B8C-4CEA-B2D0-F6DA98F6DC5B}
	EndProjectSection
EndProject
Project("{8BC9CEB8-8B4A-11D0-8D11-00A0C91BC942}") = "appbase", "appbase\appbase.vcxproj", "{6712D2A3-305E-4C55-B461-F94EBA993AA0}"
EndProject
Project("{8BC9CEB8-8B4A-11D0-8D11-00A0C91BC942}") = "mg", "mg\mg.vcxproj", "{E6B44F35-CDAB-4487-9CD4-3DC02BBB488E}"
	ProjectSection(ProjectDependencies) = postProject
		{079F2B4F-39D6-44D7-82F7-7E37F7C4C64A} = {079F2B4F-39D6-44D7-82F7-7E37F7C4C64A}
		{439087AF-7106-492A-9A92-6692E1F0B07D} = {439087AF-7106-492A-9A92-6692E1F0B07D}
		{5556F983-75AB-40C7-9960-60831C3341ED} = {5556F983-75AB-40C7-9960-60831C3341ED}
		{5F3E83BD-04C0-4E33-A067-0436E485EC5D} = {5F3E83BD-04C0-4E33-A067-0436E485EC5D}
		{6712D2A3-305E-4C55-B461-F94EBA993AA0} = {6712D2A3-305E-4C55-B461-F94EBA993AA0}
		{C2205319-E84B-4C68-950F-FB4C97C88E5E} = {C2205319-E84B-4C68-950F-FB4C97C88E5E}
		{C47CA54E-19F6-476F-8AD0-3A46B987616A} = {C47CA54E-19F6-476F-8AD0-3A46B987616A}
		{CEC11A92-CEAE-43A7-B31A-F1490B5A0CA2} = {CEC11A92-CEAE-43A7-B31A-F1490B5A0CA2}
		{EA5B7D32-8B8C-4CEA-B2D0-F6DA98F6DC5B} = {EA5B7D32-8B8C-4CEA-B2D0-F6DA98F6DC5B}
	EndProjectSection
EndProject
Project("{8BC9CEB8-8B4A-11D0-8D11-00A0C91BC942}") = "sqlite3", "sqlite3\sqlite3.vcxproj", "{C47CA54E-19F6-476F-8AD0-3A46B987616A}"
EndProject
Project("{8BC9CEB8-8B4A-11D0-8D11-00A0C91BC942}") = "database", "database\database.vcxproj", "{CEC11A92-CEAE-43A7-B31A-F1490B5A0CA2}"
EndProject
Global
	GlobalSection(SolutionConfigurationPlatforms) = preSolution
		Debug|x64 = Debug|x64
		Debug|x86 = Debug|x86
		Release|x64 = Release|x64
		Release|x86 = Release|x86
	EndGlobalSection
	GlobalSection(ProjectConfigurationPlatforms) = postSolution
		{A1B2087B-EA43-4092-9A52-1E31B41B3B3C}.Debug|x64.ActiveCfg = Debug|x64
		{A1B2087B-EA43-4092-9A52-1E31B41B3B3C}.Debug|x64.Build.0 = Debug|x64
		{A1B2087B-EA43-4092-9A52-1E31B41B3B3C}.Debug|x86.ActiveCfg = Debug|Win32
		{A1B2087B-EA43-4092-9A52-1E31B41B3B3C}.Debug|x86.Build.0 = Debug|Win32
		{A1B2087B-EA43-4092-9A52-1E31B41B3B3C}.Release|x64.ActiveCfg = Release|x64
		{A1B2087B-EA43-4092-9A52-1E31B41B3B3C}.Release|x64.Build.0 = Release|x64
		{A1B2087B-EA43-4092-9A52-1E31B41B3B3C}.Release|x86.ActiveCfg = Release|Win32
		{A1B2087B-EA43-4092-9A52-1E31B41B3B3C}.Release|x86.Build.0 = Release|Win32
		{079F2B4F-39D6-44D7-82F7-7E37F7C4C64A}.Debug|x64.ActiveCfg = Debug|x64
		{079F2B4F-39D6-44D7-82F7-7E37F7C4C64A}.Debug|x64.Build.0 = Debug|x64
		{079F2B4F-39D6-44D7-82F7-7E37F7C4C64A}.Debug|x86.ActiveCfg = Debug|Win32
		{079F2B4F-39D6-44D7-82F7-7E37F7C4C64A}.Debug|x86.Build.0 = Debug|Win32
		{079F2B4F-39D6-44D7-82F7-7E37F7C4C64A}.Release|x64.ActiveCfg = Release|x64
		{079F2B4F-39D6-44D7-82F7-7E37F7C4C64A}.Release|x64.Build.0 = Release|x64
		{079F2B4F-39D6-44D7-82F7-7E37F7C4C64A}.Release|x86.ActiveCfg = Release|Win32
		{079F2B4F-39D6-44D7-82F7-7E37F7C4C64A}.Release|x86.Build.0 = Release|Win32
		{5F3E83BD-04C0-4E33-A067-0436E485EC5D}.Debug|x64.ActiveCfg = Debug|x64
		{5F3E83BD-04C0-4E33-A067-0436E485EC5D}.Debug|x64.Build.0 = Debug|x64
		{5F3E83BD-04C0-4E33-A067-0436E485EC5D}.Debug|x86.ActiveCfg = Debug|Win32
		{5F3E83BD-04C0-4E33-A067-0436E485EC5D}.Debug|x86.Build.0 = Debug|Win32
		{5F3E83BD-04C0-4E33-A067-0436E485EC5D}.Release|x64.ActiveCfg = Release|x64
		{5F3E83BD-04C0-4E33-A067-0436E485EC5D}.Release|x64.Build.0 = Release|x64
		{5F3E83BD-04C0-4E33-A067-0436E485EC5D}.Release|x86.ActiveCfg = Release|Win32
		{5F3E83BD-04C0-4E33-A067-0436E485EC5D}.Release|x86.Build.0 = Release|Win32
		{EA5B7D32-8B8C-4CEA-B2D0-F6DA98F6DC5B}.Debug|x64.ActiveCfg = Debug|x64
		{EA5B7D32-8B8C-4CEA-B2D0-F6DA98F6DC5B}.Debug|x64.Build.0 = Debug|x64
		{EA5B7D32-8B8C-4CEA-B2D0-F6DA98F6DC5B}.Debug|x86.ActiveCfg = Debug|Win32
		{EA5B7D32-8B8C-4CEA-B2D0-F6DA98F6DC5B}.Debug|x86.Build.0 = Debug|Win32
		{EA5B7D32-8B8C-4CEA-B2D0-F6DA98F6DC5B}.Release|x64.ActiveCfg = Release|x64
		{EA5B7D32-8B8C-4CEA-B2D0-F6DA98F6DC5B}.Release|x64.Build.0 = Release|x64
		{EA5B7D32-8B8C-4CEA-B2D0-F6DA98F6DC5B}.Release|x86.ActiveCfg = Release|Win32
		{EA5B7D32-8B8C-4CEA-B2D0-F6DA98F6DC5B}.Release|x86.Build.0 = Release|Win32
		{C2205319-E84B-4C68-950F-FB4C97C88E5E}.Debug|x64.ActiveCfg = Debug|x64
		{C2205319-E84B-4C68-950F-FB4C97C88E5E}.Debug|x64.Build.0 = Debug|x64
		{C2205319-E84B-4C68-950F-FB4C97C88E5E}.Debug|x86.ActiveCfg = Debug|Win32
		{C2205319-E84B-4C68-950F-FB4C97C88E5E}.Debug|x86.Build.0 = Debug|Win32
		{C2205319-E84B-4C68-950F-FB4C97C88E5E}.Release|x64.ActiveCfg = Release|x64
		{C2205319-E84B-4C68-950F-FB4C97C88E5E}.Release|x64.Build.0 = Release|x64
		{C2205319-E84B-4C68-950F-FB4C97C88E5E}.Release|x86.ActiveCfg = Release|Win32
		{C2205319-E84B-4C68-950F-FB4C97C88E5E}.Release|x86.Build.0 = Release|Win32
		{5556F983-75AB-40C7-9960-60831C3341ED}.Debug|x64.ActiveCfg = Debug|x64
		{5556F983-75AB-40C7-9960-60831C3341ED}.Debug|x64.Build.0 = Debug|x64
		{5556F983-75AB-40C7-9960-60831C3341ED}.Debug|x86.ActiveCfg = Debug|Win32
		{5556F983-75AB-40C7-9960-60831C3341ED}.Debug|x86.Build.0 = Debug|Win32
		{5556F983-75AB-40C7-9960-60831C3341ED}.Release|x64.ActiveCfg = Release|x64
		{5556F983-75AB-40C7-9960-60831C3341ED}.Release|x64.Build.0 = Release|x64
		{5556F983-75AB-40C7-9960-60831C3341ED}.Release|x86.ActiveCfg = Release|Win32
		{5556F983-75AB-40C7-9960-60831C3341ED}.Release|x86.Build.0 = Release|Win32
		{439087AF-7106-492A-9A92-6692E1F0B07D}.Debug|x64.ActiveCfg = Debug|x64
		{439087AF-7106-492A-9A92-6692E1F0B07D}.Debug|x64.Build.0 = Debug|x64
		{439087AF-7106-492A-9A92-6692E1F0B07D}.Debug|x86.ActiveCfg = Debug|Win32
		{439087AF-7106-492A-9A92-6692E1F0B07D}.Debug|x86.Build.0 = Debug|Win32
		{439087AF-7106-492A-9A92-6692E1F0B07D}.Release|x64.ActiveCfg = Release|x64
		{439087AF-7106-492A-9A92-6692E1F0B07D}.Release|x64.Build.0 = Release|x64
		{439087AF-7106-492A-9A92-6692E1F0B07D}.Release|x86.ActiveCfg = Release|Win32
		{439087AF-7106-492A-9A92-6692E1F0B07D}.Release|x86.Build.0 = Release|Win32
		{6712D2A3-305E-4C55-B461-F94EBA993AA0}.Debug|x64.ActiveCfg = Debug|x64
		{6712D2A3-305E-4C55-B461-F94EBA993AA0}.Debug|x64.Build.0 = Debug|x64
		{6712D2A3-305E-4C55-B461-F94EBA993AA0}.Debug|x86.ActiveCfg = Debug|Win32
		{6712D2A3-305E-4C55-B461-F94EBA993AA0}.Debug|x86.Build.0 = Debug|Win32
		{6712D2A3-305E-4C55-B461-F94EBA993AA0}.Release|x64.ActiveCfg = Release|x64
		{6712D2A3-305E-4C55-B461-F94EBA993AA0}.Release|x64.Build.0 = Release|x64
		{6712D2A3-305E-4C55-B461-F94EBA993AA0}.Release|x86.ActiveCfg = Release|Win32
		{6712D2A3-305E-4C55-B461-F94EBA993AA0}.Release|x86.Build.0 = Release|Win32
		{E6B44F35-CDAB-4487-9CD4-3DC02BBB488E}.Debug|x64.ActiveCfg = Debug|x64
		{E6B44F35-CDAB-4487-9CD4-3DC02BBB488E}.Debug|x64.Build.0 = Debug|x64
		{E6B44F35-CDAB-4487-9CD4-3DC02BBB488E}.Debug|x86.ActiveCfg = Debug|Win32
		{E6B44F35-CDAB-4487-9CD4-3DC02BBB488E}.Debug|x86.Build.0 = Debug|Win32
		{E6B44F35-CDAB-4487-9CD4-3DC02BBB488E}.Release|x64.ActiveCfg = Release|x64
		{E6B44F35-CDAB-4487-9CD4-3DC02BBB488E}.Release|x64.Build.0 = Release|x64
		{E6B44F35-CDAB-4487-9CD4-3DC02BBB488E}.Release|x86.ActiveCfg = Release|Win32
		{E6B44F35-CDAB-4487-9CD4-3DC02BBB488E}.Release|x86.Build.0 = Release|Win32
		{C47CA54E-19F6-476F-8AD0-3A46B987616A}.Debug|x64.ActiveCfg = Debug|x64
		{C47CA54E-19F6-476F-8AD0-3A46B987616A}.Debug|x64.Build.0 = Debug|x64
		{C47CA54E-19F6-476F-8AD0-3A46B987616A}.Debug|x86.ActiveCfg = Debug|Win32
		{C47CA54E-19F6-476F-8AD0-3A46B987616A}.Debug|x86.Build.0 = Debug|Win32
		{C47CA54E-19F6-476F-8AD0-3A46B987616A}.Release|x64.ActiveCfg = Release|x64
		{C47CA54E-19F6-476F-8AD0-3A46B987616A}.Release|x64.Build.0 = Release|x64
		{C47CA54E-19F6-476F-8AD0-3A46B987616A}.Release|x86.ActiveCfg = Release|Win32
		{C47CA54E-19F6-476F-8AD0-3A46B987616A}.Release|x86.Build.0 = Release|Win32
		{CEC11A92-CEAE-43A7-B31A-F1490B5A0CA2}.Debug|x64.ActiveCfg = Debug|x64
		{CEC11A92-CEAE-43A7-B31A-F1490B5A0CA2}.Debug|x64.Build.0 = Debug|x64
		{CEC11A92-CEAE-43A7-B31A-F1490B5A0CA2}.Debug|x86.ActiveCfg = Debug|Win32
		{CEC11A92-CEAE-43A7-B31A-F1490B5A0CA2}.Debug|x86.Build.0 = Debug|Win32
		{CEC11A92-CEAE-43A7-B31A-F1490B5A0CA2}.Release|x64.ActiveCfg = Release|x64
		{CEC11A92-CEAE-43A7-B31A-F1490B5A0CA2}.Release|x64.Build.0 = Release|x64
		{CEC11A92-CEAE-43A7-B31A-F1490B5A0CA2}.Release|x86.ActiveCfg = Release|Win32
		{CEC11A92-CEAE-43A7-B31A-F1490B5A0CA2}.Release|x86.Build.0 = Release|Win32
	EndGlobalSection
	GlobalSection(SolutionProperties) = preSolution
		HideSolutionNode = FALSE
	EndGlobalSection
	GlobalSection(ExtensibilityGlobals) = postSolution
		SolutionGuid = {56D7D800-6219-48B6-B9D5-199497A2C2A0}
	EndGlobalSection
EndGlobal
